
Microsoft Visual Studio Solution File, Format Version 12.00
# Visual Studio Version 17
VisualStudioVersion = 17.9.34902.65
MinimumVisualStudioVersion = 10.0.40219.1
Project("{FAE04EC0-301F-11D3-BF4B-00C04F79EFBC}") = "my_book", "my_book\my_book.csproj", "{11989F9F-E747-49CD-9F3F-F1024108DECE}"
EndProject
Global
	GlobalSection(SolutionConfigurationPlatforms) = preSolution
		Debug|Any CPU = Debug|Any CPU
		Release|Any CPU = Release|Any CPU
	EndGlobalSection
	GlobalSection(ProjectConfigurationPlatforms) = postSolution
		{11989F9F-E747-49CD-9F3F-F1024108DECE}.Debug|Any CPU.ActiveCfg = Debug|Any CPU
		{11989F9F-E747-49CD-9F3F-F1024108DECE}.Debug|Any CPU.Build.0 = Debug|Any CPU
		{11989F9F-E747-49CD-9F3F-F1024108DECE}.Release|Any CPU.ActiveCfg = Release|Any CPU
		{11989F9F-E747-49CD-9F3F-F1024108DECE}.Release|Any CPU.Build.0 = Release|Any CPU
	EndGlobalSection
	GlobalSection(SolutionProperties) = preSolution
		HideSolutionNode = FALSE
	EndGlobalSection
	GlobalSection(ExtensibilityGlobals) = postSolution
		SolutionGuid = {0A7B18B8-B5B6-46AB-BA49-32E40F9C2576}
	EndGlobalSection
EndGlobal
